
Microsoft Visual Studio Solution File, Format Version 12.00
# Visual Studio Version 17
VisualStudioVersion = 17.0.31611.283
MinimumVisualStudioVersion = 10.0.40219.1
Project("{9A19103F-16F7-4668-BE54-9A1E7A4F7556}") = "Better9", "Better9\Better9.csproj", "{21453E2F-4B07-4789-BF17-BEAC786D0117}"
EndProject
Project("{FAE04EC0-301F-11D3-BF4B-00C04F79EFBC}") = "Services", "Services\Services.csproj", "{00681E5D-373C-4C0B-BAD0-86B54041759D}"
EndProject
Global
	GlobalSection(SolutionConfigurationPlatforms) = preSolution
		Debug|Any CPU = Debug|Any CPU
		Release|Any CPU = Release|Any CPU
	EndGlobalSection
	GlobalSection(ProjectConfigurationPlatforms) = postSolution
		{21453E2F-4B07-4789-BF17-BEAC786D0117}.Debug|Any CPU.ActiveCfg = Debug|Any CPU
		{21453E2F-4B07-4789-BF17-BEAC786D0117}.Debug|Any CPU.Build.0 = Debug|Any CPU
		{21453E2F-4B07-4789-BF17-BEAC786D0117}.Debug|Any CPU.Deploy.0 = Debug|Any CPU
		{21453E2F-4B07-4789-BF17-BEAC786D0117}.Release|Any CPU.ActiveCfg = Release|Any CPU
		{21453E2F-4B07-4789-BF17-BEAC786D0117}.Release|Any CPU.Build.0 = Release|Any CPU
		{21453E2F-4B07-4789-BF17-BEAC786D0117}.Release|Any CPU.Deploy.0 = Release|Any CPU
		{00681E5D-373C-4C0B-BAD0-86B54041759D}.Debug|Any CPU.ActiveCfg = Debug|Any CPU
		{00681E5D-373C-4C0B-BAD0-86B54041759D}.Debug|Any CPU.Build.0 = Debug|Any CPU
		{00681E5D-373C-4C0B-BAD0-86B54041759D}.Release|Any CPU.ActiveCfg = Release|Any CPU
		{00681E5D-373C-4C0B-BAD0-86B54041759D}.Release|Any CPU.Build.0 = Release|Any CPU
	EndGlobalSection
	GlobalSection(SolutionProperties) = preSolution
		HideSolutionNode = FALSE
	EndGlobalSection
	GlobalSection(ExtensibilityGlobals) = postSolution
		SolutionGuid = {61F7FB11-1E47-470C-91E2-47F8143E1572}
	EndGlobalSection
EndGlobal
